
Microsoft Visual Studio Solution File, Format Version 12.00
Project("{2150E333-8FDC-42A3-9474-1A3956D46DE8}") = "Server", "Server", "{4180F28D-1F18-46BD-B21A-7CAA168D1F7B}"
EndProject
Project("{FAE04EC0-301F-11D3-BF4B-00C04F79EFBC}") = "Entities", "Server\Entities\Entities.csproj", "{10DEBBD0-96F0-4300-A4B2-8087F2F5BDB2}"
EndProject
Project("{FAE04EC0-301F-11D3-BF4B-00C04F79EFBC}") = "RepositoryContracts", "Server\RepositoryContracts\RepositoryContracts.csproj", "{1B88ACFB-A6AB-4343-A96A-4ADA5183254A}"
EndProject
Project("{FAE04EC0-301F-11D3-BF4B-00C04F79EFBC}") = "InMemoryRepositories", "Server\InMemoryRepositories\InMemoryRepositories.csproj", "{78CE198B-7FBD-49D9-891F-B8C0C86D07BA}"
EndProject
Project("{FAE04EC0-301F-11D3-BF4B-00C04F79EFBC}") = "CLI", "Server\CLI\CLI.csproj", "{F697E9A0-2EC1-4487-A0CE-7FD0F9BC40CD}"
EndProject
Project("{FAE04EC0-301F-11D3-BF4B-00C04F79EFBC}") = "Tests", "Tests\Tests.csproj", "{067495AA-E0EC-4310-804F-1FF6223A70B0}"
EndProject
Project("{FAE04EC0-301F-11D3-BF4B-00C04F79EFBC}") = "FileRepository", "Server\FileRepository\FileRepository.csproj", "{0968B583-F145-4EFC-B84E-7E7D105C7C88}"
EndProject
Project("{2150E333-8FDC-42A3-9474-1A3956D46DE8}") = "Shared", "Shared", "{E3B9CEFF-0437-4410-ABFE-5D6D53993D22}"
EndProject
Project("{FAE04EC0-301F-11D3-BF4B-00C04F79EFBC}") = "ApiContracts", "ApiContracts\ApiContracts.csproj", "{771E4020-82A5-4B8A-8108-693DD85B24A1}"
EndProject
Project("{FAE04EC0-301F-11D3-BF4B-00C04F79EFBC}") = "WebAPI", "Server\WebAPI\WebAPI.csproj", "{CB462E49-6295-49B7-9A49-B3689F2B3ED8}"
EndProject
Global
	GlobalSection(SolutionConfigurationPlatforms) = preSolution
		Debug|Any CPU = Debug|Any CPU
		Debug|x64 = Debug|x64
		Debug|x86 = Debug|x86
		Release|Any CPU = Release|Any CPU
		Release|x64 = Release|x64
		Release|x86 = Release|x86
	EndGlobalSection
	GlobalSection(ProjectConfigurationPlatforms) = postSolution
		{10DEBBD0-96F0-4300-A4B2-8087F2F5BDB2}.Debug|Any CPU.ActiveCfg = Debug|Any CPU
		{10DEBBD0-96F0-4300-A4B2-8087F2F5BDB2}.Debug|Any CPU.Build.0 = Debug|Any CPU
		{10DEBBD0-96F0-4300-A4B2-8087F2F5BDB2}.Debug|x64.ActiveCfg = Debug|Any CPU
		{10DEBBD0-96F0-4300-A4B2-8087F2F5BDB2}.Debug|x64.Build.0 = Debug|Any CPU
		{10DEBBD0-96F0-4300-A4B2-8087F2F5BDB2}.Debug|x86.ActiveCfg = Debug|Any CPU
		{10DEBBD0-96F0-4300-A4B2-8087F2F5BDB2}.Debug|x86.Build.0 = Debug|Any CPU
		{10DEBBD0-96F0-4300-A4B2-8087F2F5BDB2}.Release|Any CPU.ActiveCfg = Release|Any CPU
		{10DEBBD0-96F0-4300-A4B2-8087F2F5BDB2}.Release|Any CPU.Build.0 = Release|Any CPU
		{10DEBBD0-96F0-4300-A4B2-8087F2F5BDB2}.Release|x64.ActiveCfg = Release|Any CPU
		{10DEBBD0-96F0-4300-A4B2-8087F2F5BDB2}.Release|x64.Build.0 = Release|Any CPU
		{10DEBBD0-96F0-4300-A4B2-8087F2F5BDB2}.Release|x86.ActiveCfg = Release|Any CPU
		{10DEBBD0-96F0-4300-A4B2-8087F2F5BDB2}.Release|x86.Build.0 = Release|Any CPU
		{1B88ACFB-A6AB-4343-A96A-4ADA5183254A}.Debug|Any CPU.ActiveCfg = Debug|Any CPU
		{1B88ACFB-A6AB-4343-A96A-4ADA5183254A}.Debug|Any CPU.Build.0 = Debug|Any CPU
		{1B88ACFB-A6AB-4343-A96A-4ADA5183254A}.Debug|x64.ActiveCfg = Debug|Any CPU
		{1B88ACFB-A6AB-4343-A96A-4ADA5183254A}.Debug|x64.Build.0 = Debug|Any CPU
		{1B88ACFB-A6AB-4343-A96A-4ADA5183254A}.Debug|x86.ActiveCfg = Debug|Any CPU
		{1B88ACFB-A6AB-4343-A96A-4ADA5183254A}.Debug|x86.Build.0 = Debug|Any CPU
		{1B88ACFB-A6AB-4343-A96A-4ADA5183254A}.Release|Any CPU.ActiveCfg = Release|Any CPU
		{1B88ACFB-A6AB-4343-A96A-4ADA5183254A}.Release|Any CPU.Build.0 = Release|Any CPU
		{1B88ACFB-A6AB-4343-A96A-4ADA5183254A}.Release|x64.ActiveCfg = Release|Any CPU
		{1B88ACFB-A6AB-4343-A96A-4ADA5183254A}.Release|x64.Build.0 = Release|Any CPU
		{1B88ACFB-A6AB-4343-A96A-4ADA5183254A}.Release|x86.ActiveCfg = Release|Any CPU
		{1B88ACFB-A6AB-4343-A96A-4ADA5183254A}.Release|x86.Build.0 = Release|Any CPU
		{78CE198B-7FBD-49D9-891F-B8C0C86D07BA}.Debug|Any CPU.ActiveCfg = Debug|Any CPU
		{78CE198B-7FBD-49D9-891F-B8C0C86D07BA}.Debug|Any CPU.Build.0 = Debug|Any CPU
		{78CE198B-7FBD-49D9-891F-B8C0C86D07BA}.Debug|x64.ActiveCfg = Debug|Any CPU
		{78CE198B-7FBD-49D9-891F-B8C0C86D07BA}.Debug|x64.Build.0 = Debug|Any CPU
		{78CE198B-7FBD-49D9-891F-B8C0C86D07BA}.Debug|x86.ActiveCfg = Debug|Any CPU
		{78CE198B-7FBD-49D9-891F-B8C0C86D07BA}.Debug|x86.Build.0 = Debug|Any CPU
		{78CE198B-7FBD-49D9-891F-B8C0C86D07BA}.Release|Any CPU.ActiveCfg = Release|Any CPU
		{78CE198B-7FBD-49D9-891F-B8C0C86D07BA}.Release|Any CPU.Build.0 = Release|Any CPU
		{78CE198B-7FBD-49D9-891F-B8C0C86D07BA}.Release|x64.ActiveCfg = Release|Any CPU
		{78CE198B-7FBD-49D9-891F-B8C0C86D07BA}.Release|x64.Build.0 = Release|Any CPU
		{78CE198B-7FBD-49D9-891F-B8C0C86D07BA}.Release|x86.ActiveCfg = Release|Any CPU
		{78CE198B-7FBD-49D9-891F-B8C0C86D07BA}.Release|x86.Build.0 = Release|Any CPU
		{F697E9A0-2EC1-4487-A0CE-7FD0F9BC40CD}.Debug|Any CPU.ActiveCfg = Debug|Any CPU
		{F697E9A0-2EC1-4487-A0CE-7FD0F9BC40CD}.Debug|Any CPU.Build.0 = Debug|Any CPU
		{F697E9A0-2EC1-4487-A0CE-7FD0F9BC40CD}.Debug|x64.ActiveCfg = Debug|Any CPU
		{F697E9A0-2EC1-4487-A0CE-7FD0F9BC40CD}.Debug|x64.Build.0 = Debug|Any CPU
		{F697E9A0-2EC1-4487-A0CE-7FD0F9BC40CD}.Debug|x86.ActiveCfg = Debug|Any CPU
		{F697E9A0-2EC1-4487-A0CE-7FD0F9BC40CD}.Debug|x86.Build.0 = Debug|Any CPU
		{F697E9A0-2EC1-4487-A0CE-7FD0F9BC40CD}.Release|Any CPU.ActiveCfg = Release|Any CPU
		{F697E9A0-2EC1-4487-A0CE-7FD0F9BC40CD}.Release|Any CPU.Build.0 = Release|Any CPU
		{F697E9A0-2EC1-4487-A0CE-7FD0F9BC40CD}.Release|x64.ActiveCfg = Release|Any CPU
		{F697E9A0-2EC1-4487-A0CE-7FD0F9BC40CD}.Release|x64.Build.0 = Release|Any CPU
		{F697E9A0-2EC1-4487-A0CE-7FD0F9BC40CD}.Release|x86.ActiveCfg = Release|Any CPU
		{F697E9A0-2EC1-4487-A0CE-7FD0F9BC40CD}.Release|x86.Build.0 = Release|Any CPU
		{067495AA-E0EC-4310-804F-1FF6223A70B0}.Debug|Any CPU.ActiveCfg = Debug|Any CPU
		{067495AA-E0EC-4310-804F-1FF6223A70B0}.Debug|Any CPU.Build.0 = Debug|Any CPU
		{067495AA-E0EC-4310-804F-1FF6223A70B0}.Debug|x64.ActiveCfg = Debug|Any CPU
		{067495AA-E0EC-4310-804F-1FF6223A70B0}.Debug|x64.Build.0 = Debug|Any CPU
		{067495AA-E0EC-4310-804F-1FF6223A70B0}.Debug|x86.ActiveCfg = Debug|Any CPU
		{067495AA-E0EC-4310-804F-1FF6223A70B0}.Debug|x86.Build.0 = Debug|Any CPU
		{067495AA-E0EC-4310-804F-1FF6223A70B0}.Release|Any CPU.ActiveCfg = Release|Any CPU
		{067495AA-E0EC-4310-804F-1FF6223A70B0}.Release|Any CPU.Build.0 = Release|Any CPU
		{067495AA-E0EC-4310-804F-1FF6223A70B0}.Release|x64.ActiveCfg = Release|Any CPU
		{067495AA-E0EC-4310-804F-1FF6223A70B0}.Release|x64.Build.0 = Release|Any CPU
		{067495AA-E0EC-4310-804F-1FF6223A70B0}.Release|x86.ActiveCfg = Release|Any CPU
		{067495AA-E0EC-4310-804F-1FF6223A70B0}.Release|x86.Build.0 = Release|Any CPU
		{0968B583-F145-4EFC-B84E-7E7D105C7C88}.Debug|Any CPU.ActiveCfg = Debug|Any CPU
		{0968B583-F145-4EFC-B84E-7E7D105C7C88}.Debug|Any CPU.Build.0 = Debug|Any CPU
		{0968B583-F145-4EFC-B84E-7E7D105C7C88}.Debug|x64.ActiveCfg = Debug|Any CPU
		{0968B583-F145-4EFC-B84E-7E7D105C7C88}.Debug|x64.Build.0 = Debug|Any CPU
		{0968B583-F145-4EFC-B84E-7E7D105C7C88}.Debug|x86.ActiveCfg = Debug|Any CPU
		{0968B583-F145-4EFC-B84E-7E7D105C7C88}.Debug|x86.Build.0 = Debug|Any CPU
		{0968B583-F145-4EFC-B84E-7E7D105C7C88}.Release|Any CPU.ActiveCfg = Release|Any CPU
		{0968B583-F145-4EFC-B84E-7E7D105C7C88}.Release|Any CPU.Build.0 = Release|Any CPU
		{0968B583-F145-4EFC-B84E-7E7D105C7C88}.Release|x64.ActiveCfg = Release|Any CPU
		{0968B583-F145-4EFC-B84E-7E7D105C7C88}.Release|x64.Build.0 = Release|Any CPU
		{0968B583-F145-4EFC-B84E-7E7D105C7C88}.Release|x86.ActiveCfg = Release|Any CPU
		{0968B583-F145-4EFC-B84E-7E7D105C7C88}.Release|x86.Build.0 = Release|Any CPU
		{771E4020-82A5-4B8A-8108-693DD85B24A1}.Debug|Any CPU.ActiveCfg = Debug|Any CPU
		{771E4020-82A5-4B8A-8108-693DD85B24A1}.Debug|Any CPU.Build.0 = Debug|Any CPU
		{771E4020-82A5-4B8A-8108-693DD85B24A1}.Debug|x64.ActiveCfg = Debug|Any CPU
		{771E4020-82A5-4B8A-8108-693DD85B24A1}.Debug|x64.Build.0 = Debug|Any CPU
		{771E4020-82A5-4B8A-8108-693DD85B24A1}.Debug|x86.ActiveCfg = Debug|Any CPU
		{771E4020-82A5-4B8A-8108-693DD85B24A1}.Debug|x86.Build.0 = Debug|Any CPU
		{771E4020-82A5-4B8A-8108-693DD85B24A1}.Release|Any CPU.ActiveCfg = Release|Any CPU
		{771E4020-82A5-4B8A-8108-693DD85B24A1}.Release|Any CPU.Build.0 = Release|Any CPU
		{771E4020-82A5-4B8A-8108-693DD85B24A1}.Release|x64.ActiveCfg = Release|Any CPU
		{771E4020-82A5-4B8A-8108-693DD85B24A1}.Release|x64.Build.0 = Release|Any CPU
		{771E4020-82A5-4B8A-8108-693DD85B24A1}.Release|x86.ActiveCfg = Release|Any CPU
		{771E4020-82A5-4B8A-8108-693DD85B24A1}.Release|x86.Build.0 = Release|Any CPU
		{CB462E49-6295-49B7-9A49-B3689F2B3ED8}.Debug|Any CPU.ActiveCfg = Debug|Any CPU
		{CB462E49-6295-49B7-9A49-B3689F2B3ED8}.Debug|Any CPU.Build.0 = Debug|Any CPU
		{CB462E49-6295-49B7-9A49-B3689F2B3ED8}.Debug|x64.ActiveCfg = Debug|Any CPU
		{CB462E49-6295-49B7-9A49-B3689F2B3ED8}.Debug|x64.Build.0 = Debug|Any CPU
		{CB462E49-6295-49B7-9A49-B3689F2B3ED8}.Debug|x86.ActiveCfg = Debug|Any CPU
		{CB462E49-6295-49B7-9A49-B3689F2B3ED8}.Debug|x86.Build.0 = Debug|Any CPU
		{CB462E49-6295-49B7-9A49-B3689F2B3ED8}.Release|Any CPU.ActiveCfg = Release|Any CPU
		{CB462E49-6295-49B7-9A49-B3689F2B3ED8}.Release|Any CPU.Build.0 = Release|Any CPU
		{CB462E49-6295-49B7-9A49-B3689F2B3ED8}.Release|x64.ActiveCfg = Release|Any CPU
		{CB462E49-6295-49B7-9A49-B3689F2B3ED8}.Release|x64.Build.0 = Release|Any CPU
		{CB462E49-6295-49B7-9A49-B3689F2B3ED8}.Release|x86.ActiveCfg = Release|Any CPU
		{CB462E49-6295-49B7-9A49-B3689F2B3ED8}.Release|x86.Build.0 = Release|Any CPU
	EndGlobalSection
	GlobalSection(SolutionProperties) = preSolution
		HideSolutionNode = FALSE
	EndGlobalSection
	GlobalSection(NestedProjects) = preSolution
		{10DEBBD0-96F0-4300-A4B2-8087F2F5BDB2} = {4180F28D-1F18-46BD-B21A-7CAA168D1F7B}
		{1B88ACFB-A6AB-4343-A96A-4ADA5183254A} = {4180F28D-1F18-46BD-B21A-7CAA168D1F7B}
		{78CE198B-7FBD-49D9-891F-B8C0C86D07BA} = {4180F28D-1F18-46BD-B21A-7CAA168D1F7B}
		{F697E9A0-2EC1-4487-A0CE-7FD0F9BC40CD} = {4180F28D-1F18-46BD-B21A-7CAA168D1F7B}
		{0968B583-F145-4EFC-B84E-7E7D105C7C88} = {4180F28D-1F18-46BD-B21A-7CAA168D1F7B}
		{771E4020-82A5-4B8A-8108-693DD85B24A1} = {E3B9CEFF-0437-4410-ABFE-5D6D53993D22}
		{CB462E49-6295-49B7-9A49-B3689F2B3ED8} = {4180F28D-1F18-46BD-B21A-7CAA168D1F7B}
	EndGlobalSection
EndGlobal
